
Microsoft Visual Studio Solution File, Format Version 12.00
# Visual Studio Version 17
VisualStudioVersion = 17.5.002.0
MinimumVisualStudioVersion = 10.0.40219.1
Project("{2150E333-8FDC-42A3-9474-1A3956D46DE8}") = "csharp-prep", "csharp-prep", "{6B237FF1-202F-478C-B32A-A22431880402}"
EndProject
Project("{9A19103F-16F7-4668-BE54-9A1E7A4F7556}") = "Prep1", "csharp-prep\Prep1\Prep1.csproj", "{C533EFFC-D711-4553-852B-CCFA2EDE7498}"
EndProject
Project("{9A19103F-16F7-4668-BE54-9A1E7A4F7556}") = "Prep2", "csharp-prep\Prep2\Prep2.csproj", "{8A3DB611-357A-4B67-8164-E2DF9D05A510}"
EndProject
Project("{9A19103F-16F7-4668-BE54-9A1E7A4F7556}") = "Prep3", "csharp-prep\Prep3\Prep3.csproj", "{E2010B09-7D8F-46AC-8593-3F5C25ED8D24}"
EndProject
Project("{9A19103F-16F7-4668-BE54-9A1E7A4F7556}") = "Prep4", "csharp-prep\Prep4\Prep4.csproj", "{47BA8148-36CD-438E-A0E4-20957797F4E6}"
EndProject
Project("{9A19103F-16F7-4668-BE54-9A1E7A4F7556}") = "Prep5", "csharp-prep\Prep5\Prep5.csproj", "{A46EE938-068E-4AD8-B0DA-E3B55AF73667}"
EndProject
Project("{2150E333-8FDC-42A3-9474-1A3956D46DE8}") = "final", "final", "{6B673FAD-E993-4AA4-B0B9-C05D6C30B951}"
EndProject
Project("{9A19103F-16F7-4668-BE54-9A1E7A4F7556}") = "FinalProject", "final\FinalProject\FinalProject.csproj", "{676B3BF7-35BB-45C2-B1DE-74DA672230A9}"
EndProject
Project("{9A19103F-16F7-4668-BE54-9A1E7A4F7556}") = "Foundation1", "final\Foundation1\Foundation1.csproj", "{67046CF7-DE74-4C58-B266-9FC2C8E919D8}"
EndProject
Project("{9A19103F-16F7-4668-BE54-9A1E7A4F7556}") = "Foundation2", "final\Foundation2\Foundation2.csproj", "{955C2C42-EB9B-4E42-99D6-CD8F6440E16E}"
EndProject
Project("{9A19103F-16F7-4668-BE54-9A1E7A4F7556}") = "Foundation3", "final\Foundation3\Foundation3.csproj", "{C8CDD6FC-CD42-4272-9EA5-1EF1E6F48074}"
EndProject
Project("{9A19103F-16F7-4668-BE54-9A1E7A4F7556}") = "Foundation4", "final\Foundation4\Foundation4.csproj", "{664D5EAE-DB83-474F-9D07-B4B4457D7CB6}"
EndProject
Project("{2150E333-8FDC-42A3-9474-1A3956D46DE8}") = "prepare", "prepare", "{426DC86F-05AC-4AC9-B76A-4DFA1EE33E3F}"
EndProject
Project("{9A19103F-16F7-4668-BE54-9A1E7A4F7556}") = "Learning02", "prepare\Learning02\Learning02.csproj", "{7EF70C6D-7DB0-483B-8B07-99E8E6C07E6F}"
EndProject
Project("{9A19103F-16F7-4668-BE54-9A1E7A4F7556}") = "Learning03", "prepare\Learning03\Learning03.csproj", "{A9746DDA-3DF3-4198-BF04-2B36EF31A849}"
EndProject
Project("{9A19103F-16F7-4668-BE54-9A1E7A4F7556}") = "Learning04", "prepare\Learning04\Learning04.csproj", "{1DE57BE2-45E1-4D55-88BD-7417800C7832}"
EndProject
Project("{9A19103F-16F7-4668-BE54-9A1E7A4F7556}") = "Learning05", "prepare\Learning05\Learning05.csproj", "{31861E1E-B2A4-41A1-93EA-30339DB11B4D}"
EndProject
Project("{2150E333-8FDC-42A3-9474-1A3956D46DE8}") = "prove", "prove", "{46F549C5-1B0F-4963-AD36-32301264FA32}"
EndProject
Project("{9A19103F-16F7-4668-BE54-9A1E7A4F7556}") = "Develop02", "prove\Develop02\Develop02.csproj", "{66DEAEC3-2F5A-4060-BAA1-346839D8A29B}"
EndProject
Project("{9A19103F-16F7-4668-BE54-9A1E7A4F7556}") = "Develop03", "prove\Develop03\Develop03.csproj", "{E34EA6A8-1EFB-4A32-BE1D-9987C48AEF77}"
EndProject
Project("{9A19103F-16F7-4668-BE54-9A1E7A4F7556}") = "Develop04", "prove\Develop04\Develop04.csproj", "{A37FAC5E-AA32-49C3-8301-6D9EE3BF4A1B}"
EndProject
Project("{9A19103F-16F7-4668-BE54-9A1E7A4F7556}") = "Develop05", "prove\Develop05\Develop05.csproj", "{AE8AEF3B-FBF1-4F3A-A2AE-1B6FEF769C87}"
EndProject
Project("{2150E333-8FDC-42A3-9474-1A3956D46DE8}") = "sandbox", "sandbox", "{7431B0C0-2DEC-4D21-881C-A4FE8F2F6FA9}"
EndProject
Project("{9A19103F-16F7-4668-BE54-9A1E7A4F7556}") = "Sandbox", "sandbox\Sandbox\Sandbox.csproj", "{0B3C6F28-E54A-407B-934F-EB8584884C74}"
EndProject
Global
	GlobalSection(SolutionConfigurationPlatforms) = preSolution
		Debug|Any CPU = Debug|Any CPU
		Release|Any CPU = Release|Any CPU
	EndGlobalSection
	GlobalSection(ProjectConfigurationPlatforms) = postSolution
		{C533EFFC-D711-4553-852B-CCFA2EDE7498}.Debug|Any CPU.ActiveCfg = Debug|Any CPU
		{C533EFFC-D711-4553-852B-CCFA2EDE7498}.Debug|Any CPU.Build.0 = Debug|Any CPU
		{C533EFFC-D711-4553-852B-CCFA2EDE7498}.Release|Any CPU.ActiveCfg = Release|Any CPU
		{C533EFFC-D711-4553-852B-CCFA2EDE7498}.Release|Any CPU.Build.0 = Release|Any CPU
		{8A3DB611-357A-4B67-8164-E2DF9D05A510}.Debug|Any CPU.ActiveCfg = Debug|Any CPU
		{8A3DB611-357A-4B67-8164-E2DF9D05A510}.Debug|Any CPU.Build.0 = Debug|Any CPU
		{8A3DB611-357A-4B67-8164-E2DF9D05A510}.Release|Any CPU.ActiveCfg = Release|Any CPU
		{8A3DB611-357A-4B67-8164-E2DF9D05A510}.Release|Any CPU.Build.0 = Release|Any CPU
		{E2010B09-7D8F-46AC-8593-3F5C25ED8D24}.Debug|Any CPU.ActiveCfg = Debug|Any CPU
		{E2010B09-7D8F-46AC-8593-3F5C25ED8D24}.Debug|Any CPU.Build.0 = Debug|Any CPU
		{E2010B09-7D8F-46AC-8593-3F5C25ED8D24}.Release|Any CPU.ActiveCfg = Release|Any CPU
		{E2010B09-7D8F-46AC-8593-3F5C25ED8D24}.Release|Any CPU.Build.0 = Release|Any CPU
		{47BA8148-36CD-438E-A0E4-20957797F4E6}.Debug|Any CPU.ActiveCfg = Debug|Any CPU
		{47BA8148-36CD-438E-A0E4-20957797F4E6}.Debug|Any CPU.Build.0 = Debug|Any CPU
		{47BA8148-36CD-438E-A0E4-20957797F4E6}.Release|Any CPU.ActiveCfg = Release|Any CPU
		{47BA8148-36CD-438E-A0E4-20957797F4E6}.Release|Any CPU.Build.0 = Release|Any CPU
		{A46EE938-068E-4AD8-B0DA-E3B55AF73667}.Debug|Any CPU.ActiveCfg = Debug|Any CPU
		{A46EE938-068E-4AD8-B0DA-E3B55AF73667}.Debug|Any CPU.Build.0 = Debug|Any CPU
		{A46EE938-068E-4AD8-B0DA-E3B55AF73667}.Release|Any CPU.ActiveCfg = Release|Any CPU
		{A46EE938-068E-4AD8-B0DA-E3B55AF73667}.Release|Any CPU.Build.0 = Release|Any CPU
		{676B3BF7-35BB-45C2-B1DE-74DA672230A9}.Debug|Any CPU.ActiveCfg = Debug|Any CPU
		{676B3BF7-35BB-45C2-B1DE-74DA672230A9}.Debug|Any CPU.Build.0 = Debug|Any CPU
		{676B3BF7-35BB-45C2-B1DE-74DA672230A9}.Release|Any CPU.ActiveCfg = Release|Any CPU
		{676B3BF7-35BB-45C2-B1DE-74DA672230A9}.Release|Any CPU.Build.0 = Release|Any CPU
		{67046CF7-DE74-4C58-B266-9FC2C8E919D8}.Debug|Any CPU.ActiveCfg = Debug|Any CPU
		{67046CF7-DE74-4C58-B266-9FC2C8E919D8}.Debug|Any CPU.Build.0 = Debug|Any CPU
		{67046CF7-DE74-4C58-B266-9FC2C8E919D8}.Release|Any CPU.ActiveCfg = Release|Any CPU
		{67046CF7-DE74-4C58-B266-9FC2C8E919D8}.Release|Any CPU.Build.0 = Release|Any CPU
		{955C2C42-EB9B-4E42-99D6-CD8F6440E16E}.Debug|Any CPU.ActiveCfg = Debug|Any CPU
		{955C2C42-EB9B-4E42-99D6-CD8F6440E16E}.Debug|Any CPU.Build.0 = Debug|Any CPU
		{955C2C42-EB9B-4E42-99D6-CD8F6440E16E}.Release|Any CPU.ActiveCfg = Release|Any CPU
		{955C2C42-EB9B-4E42-99D6-CD8F6440E16E}.Release|Any CPU.Build.0 = Release|Any CPU
		{C8CDD6FC-CD42-4272-9EA5-1EF1E6F48074}.Debug|Any CPU.ActiveCfg = Debug|Any CPU
		{C8CDD6FC-CD42-4272-9EA5-1EF1E6F48074}.Debug|Any CPU.Build.0 = Debug|Any CPU
		{C8CDD6FC-CD42-4272-9EA5-1EF1E6F48074}.Release|Any CPU.ActiveCfg = Release|Any CPU
		{C8CDD6FC-CD42-4272-9EA5-1EF1E6F48074}.Release|Any CPU.Build.0 = Release|Any CPU
		{664D5EAE-DB83-474F-9D07-B4B4457D7CB6}.Debug|Any CPU.ActiveCfg = Debug|Any CPU
		{664D5EAE-DB83-474F-9D07-B4B4457D7CB6}.Debug|Any CPU.Build.0 = Debug|Any CPU
		{664D5EAE-DB83-474F-9D07-B4B4457D7CB6}.Release|Any CPU.ActiveCfg = Release|Any CPU
		{664D5EAE-DB83-474F-9D07-B4B4457D7CB6}.Release|Any CPU.Build.0 = Release|Any CPU
		{7EF70C6D-7DB0-483B-8B07-99E8E6C07E6F}.Debug|Any CPU.ActiveCfg = Debug|Any CPU
		{7EF70C6D-7DB0-483B-8B07-99E8E6C07E6F}.Debug|Any CPU.Build.0 = Debug|Any CPU
		{7EF70C6D-7DB0-483B-8B07-99E8E6C07E6F}.Release|Any CPU.ActiveCfg = Release|Any CPU
		{7EF70C6D-7DB0-483B-8B07-99E8E6C07E6F}.Release|Any CPU.Build.0 = Release|Any CPU
		{A9746DDA-3DF3-4198-BF04-2B36EF31A849}.Debug|Any CPU.ActiveCfg = Debug|Any CPU
		{A9746DDA-3DF3-4198-BF04-2B36EF31A849}.Debug|Any CPU.Build.0 = Debug|Any CPU
		{A9746DDA-3DF3-4198-BF04-2B36EF31A849}.Release|Any CPU.ActiveCfg = Release|Any CPU
		{A9746DDA-3DF3-4198-BF04-2B36EF31A849}.Release|Any CPU.Build.0 = Release|Any CPU
		{1DE57BE2-45E1-4D55-88BD-7417800C7832}.Debug|Any CPU.ActiveCfg = Debug|Any CPU
		{1DE57BE2-45E1-4D55-88BD-7417800C7832}.Debug|Any CPU.Build.0 = Debug|Any CPU
		{1DE57BE2-45E1-4D55-88BD-7417800C7832}.Release|Any CPU.ActiveCfg = Release|Any CPU
		{1DE57BE2-45E1-4D55-88BD-7417800C7832}.Release|Any CPU.Build.0 = Release|Any CPU
		{31861E1E-B2A4-41A1-93EA-30339DB11B4D}.Debug|Any CPU.ActiveCfg = Debug|Any CPU
		{31861E1E-B2A4-41A1-93EA-30339DB11B4D}.Debug|Any CPU.Build.0 = Debug|Any CPU
		{31861E1E-B2A4-41A1-93EA-30339DB11B4D}.Release|Any CPU.ActiveCfg = Release|Any CPU
		{31861E1E-B2A4-41A1-93EA-30339DB11B4D}.Release|Any CPU.Build.0 = Release|Any CPU
		{66DEAEC3-2F5A-4060-BAA1-346839D8A29B}.Debug|Any CPU.ActiveCfg = Debug|Any CPU
		{66DEAEC3-2F5A-4060-BAA1-346839D8A29B}.Debug|Any CPU.Build.0 = Debug|Any CPU
		{66DEAEC3-2F5A-4060-BAA1-346839D8A29B}.Release|Any CPU.ActiveCfg = Release|Any CPU
		{66DEAEC3-2F5A-4060-BAA1-346839D8A29B}.Release|Any CPU.Build.0 = Release|Any CPU
		{E34EA6A8-1EFB-4A32-BE1D-9987C48AEF77}.Debug|Any CPU.ActiveCfg = Debug|Any CPU
		{E34EA6A8-1EFB-4A32-BE1D-9987C48AEF77}.Debug|Any CPU.Build.0 = Debug|Any CPU
		{E34EA6A8-1EFB-4A32-BE1D-9987C48AEF77}.Release|Any CPU.ActiveCfg = Release|Any CPU
		{E34EA6A8-1EFB-4A32-BE1D-9987C48AEF77}.Release|Any CPU.Build.0 = Release|Any CPU
		{A37FAC5E-AA32-49C3-8301-6D9EE3BF4A1B}.Debug|Any CPU.ActiveCfg = Debug|Any CPU
		{A37FAC5E-AA32-49C3-8301-6D9EE3BF4A1B}.Debug|Any CPU.Build.0 = Debug|Any CPU
		{A37FAC5E-AA32-49C3-8301-6D9EE3BF4A1B}.Release|Any CPU.ActiveCfg = Release|Any CPU
		{A37FAC5E-AA32-49C3-8301-6D9EE3BF4A1B}.Release|Any CPU.Build.0 = Release|Any CPU
		{AE8AEF3B-FBF1-4F3A-A2AE-1B6FEF769C87}.Debug|Any CPU.ActiveCfg = Debug|Any CPU
		{AE8AEF3B-FBF1-4F3A-A2AE-1B6FEF769C87}.Debug|Any CPU.Build.0 = Debug|Any CPU
		{AE8AEF3B-FBF1-4F3A-A2AE-1B6FEF769C87}.Release|Any CPU.ActiveCfg = Release|Any CPU
		{AE8AEF3B-FBF1-4F3A-A2AE-1B6FEF769C87}.Release|Any CPU.Build.0 = Release|Any CPU
		{0B3C6F28-E54A-407B-934F-EB8584884C74}.Debug|Any CPU.ActiveCfg = Debug|Any CPU
		{0B3C6F28-E54A-407B-934F-EB8584884C74}.Debug|Any CPU.Build.0 = Debug|Any CPU
		{0B3C6F28-E54A-407B-934F-EB8584884C74}.Release|Any CPU.ActiveCfg = Release|Any CPU
		{0B3C6F28-E54A-407B-934F-EB8584884C74}.Release|Any CPU.Build.0 = Release|Any CPU
	EndGlobalSection
	GlobalSection(SolutionProperties) = preSolution
		HideSolutionNode = FALSE
	EndGlobalSection
	GlobalSection(NestedProjects) = preSolution
		{C533EFFC-D711-4553-852B-CCFA2EDE7498} = {6B237FF1-202F-478C-B32A-A22431880402}
		{8A3DB611-357A-4B67-8164-E2DF9D05A510} = {6B237FF1-202F-478C-B32A-A22431880402}
		{E2010B09-7D8F-46AC-8593-3F5C25ED8D24} = {6B237FF1-202F-478C-B32A-A22431880402}
		{47BA8148-36CD-438E-A0E4-20957797F4E6} = {6B237FF1-202F-478C-B32A-A22431880402}
		{A46EE938-068E-4AD8-B0DA-E3B55AF73667} = {6B237FF1-202F-478C-B32A-A22431880402}
		{676B3BF7-35BB-45C2-B1DE-74DA672230A9} = {6B673FAD-E993-4AA4-B0B9-C05D6C30B951}
		{67046CF7-DE74-4C58-B266-9FC2C8E919D8} = {6B673FAD-E993-4AA4-B0B9-C05D6C30B951}
		{955C2C42-EB9B-4E42-99D6-CD8F6440E16E} = {6B673FAD-E993-4AA4-B0B9-C05D6C30B951}
		{C8CDD6FC-CD42-4272-9EA5-1EF1E6F48074} = {6B673FAD-E993-4AA4-B0B9-C05D6C30B951}
		{664D5EAE-DB83-474F-9D07-B4B4457D7CB6} = {6B673FAD-E993-4AA4-B0B9-C05D6C30B951}
		{7EF70C6D-7DB0-483B-8B07-99E8E6C07E6F} = {426DC86F-05AC-4AC9-B76A-4DFA1EE33E3F}
		{A9746DDA-3DF3-4198-BF04-2B36EF31A849} = {426DC86F-05AC-4AC9-B76A-4DFA1EE33E3F}
		{1DE57BE2-45E1-4D55-88BD-7417800C7832} = {426DC86F-05AC-4AC9-B76A-4DFA1EE33E3F}
		{31861E1E-B2A4-41A1-93EA-30339DB11B4D} = {426DC86F-05AC-4AC9-B76A-4DFA1EE33E3F}
		{66DEAEC3-2F5A-4060-BAA1-346839D8A29B} = {46F549C5-1B0F-4963-AD36-32301264FA32}
		{E34EA6A8-1EFB-4A32-BE1D-9987C48AEF77} = {46F549C5-1B0F-4963-AD36-32301264FA32}
		{A37FAC5E-AA32-49C3-8301-6D9EE3BF4A1B} = {46F549C5-1B0F-4963-AD36-32301264FA32}
		{AE8AEF3B-FBF1-4F3A-A2AE-1B6FEF769C87} = {46F549C5-1B0F-4963-AD36-32301264FA32}
		{0B3C6F28-E54A-407B-934F-EB8584884C74} = {7431B0C0-2DEC-4D21-881C-A4FE8F2F6FA9}
	EndGlobalSection
	GlobalSection(ExtensibilityGlobals) = postSolution
		SolutionGuid = {82DC6AC0-3F4C-41E1-9FFB-AB09FA4E3C8E}
	EndGlobalSection
EndGlobal
